
Microsoft Visual Studio Solution File, Format Version 12.00
# Visual Studio Version 16
VisualStudioVersion = 16.0.31129.286
MinimumVisualStudioVersion = 10.0.40219.1
Project("{9A19103F-16F7-4668-BE54-9A1E7A4F7556}") = "Site", "Site\Site.csproj", "{2534EC3C-313E-4D42-8A10-FEC9D47DF03A}"
EndProject
Global
	GlobalSection(SolutionConfigurationPlatforms) = preSolution
		Debug|Any CPU = Debug|Any CPU
		Release|Any CPU = Release|Any CPU
	EndGlobalSection
	GlobalSection(ProjectConfigurationPlatforms) = postSolution
		{2534EC3C-313E-4D42-8A10-FEC9D47DF03A}.Debug|Any CPU.ActiveCfg = Debug|Any CPU
		{2534EC3C-313E-4D42-8A10-FEC9D47DF03A}.Debug|Any CPU.Build.0 = Debug|Any CPU
		{2534EC3C-313E-4D42-8A10-FEC9D47DF03A}.Release|Any CPU.ActiveCfg = Release|Any CPU
		{2534EC3C-313E-4D42-8A10-FEC9D47DF03A}.Release|Any CPU.Build.0 = Release|Any CPU
	EndGlobalSection
	GlobalSection(SolutionProperties) = preSolution
		HideSolutionNode = FALSE
	EndGlobalSection
	GlobalSection(ExtensibilityGlobals) = postSolution
		SolutionGuid = {FE77A09A-E6AF-4862-AF63-DD153C561FCD}
	EndGlobalSection
EndGlobal
